
Microsoft Visual Studio Solution File, Format Version 12.00
# Visual Studio Version 17
VisualStudioVersion = 17.13.35931.197 d17.13
MinimumVisualStudioVersion = 10.0.40219.1
Project("{FAE04EC0-301F-11D3-BF4B-00C04F79EFBC}") = "WinFormsApp2", "WinFormsApp2\WinFormsApp2.csproj", "{45BF5EEF-986F-4C67-B8AA-BE8EBF1D7F29}"
EndProject
Global
	GlobalSection(SolutionConfigurationPlatforms) = preSolution
		Debug|Any CPU = Debug|Any CPU
		Release|Any CPU = Release|Any CPU
	EndGlobalSection
	GlobalSection(ProjectConfigurationPlatforms) = postSolution
		{45BF5EEF-986F-4C67-B8AA-BE8EBF1D7F29}.Debug|Any CPU.ActiveCfg = Debug|Any CPU
		{45BF5EEF-986F-4C67-B8AA-BE8EBF1D7F29}.Debug|Any CPU.Build.0 = Debug|Any CPU
		{45BF5EEF-986F-4C67-B8AA-BE8EBF1D7F29}.Release|Any CPU.ActiveCfg = Release|Any CPU
		{45BF5EEF-986F-4C67-B8AA-BE8EBF1D7F29}.Release|Any CPU.Build.0 = Release|Any CPU
	EndGlobalSection
	GlobalSection(SolutionProperties) = preSolution
		HideSolutionNode = FALSE
	EndGlobalSection
	GlobalSection(ExtensibilityGlobals) = postSolution
		SolutionGuid = {A78F9343-1384-4D77-BA0B-1CB1BE5F9C79}
	EndGlobalSection
EndGlobal
